
Microsoft Visual Studio Solution File, Format Version 12.00
# Visual Studio Version 17
VisualStudioVersion = 17.0.31903.59
MinimumVisualStudioVersion = 10.0.40219.1
Project("{2150E333-8FDC-42A3-9474-1A3956D46DE8}") = "src", "src", "{E9DA5932-DFB8-45ED-BA41-922DCCB6013C}"
EndProject
Project("{FAE04EC0-301F-11D3-BF4B-00C04F79EFBC}") = "LookUp", "src\LookUp\LookUp.csproj", "{84F65F68-17A5-437C-B839-27F7DDFBC59C}"
EndProject
Global
	GlobalSection(SolutionConfigurationPlatforms) = preSolution
		Debug|Any CPU = Debug|Any CPU
		Release|Any CPU = Release|Any CPU
	EndGlobalSection
	GlobalSection(SolutionProperties) = preSolution
		HideSolutionNode = FALSE
	EndGlobalSection
	GlobalSection(ProjectConfigurationPlatforms) = postSolution
		{84F65F68-17A5-437C-B839-27F7DDFBC59C}.Debug|Any CPU.ActiveCfg = Debug|Any CPU
		{84F65F68-17A5-437C-B839-27F7DDFBC59C}.Debug|Any CPU.Build.0 = Debug|Any CPU
		{84F65F68-17A5-437C-B839-27F7DDFBC59C}.Release|Any CPU.ActiveCfg = Release|Any CPU
		{84F65F68-17A5-437C-B839-27F7DDFBC59C}.Release|Any CPU.Build.0 = Release|Any CPU
	EndGlobalSection
	GlobalSection(NestedProjects) = preSolution
		{84F65F68-17A5-437C-B839-27F7DDFBC59C} = {E9DA5932-DFB8-45ED-BA41-922DCCB6013C}
	EndGlobalSection
EndGlobal
